
Microsoft Visual Studio Solution File, Format Version 12.00
# Visual Studio Version 17
VisualStudioVersion = 17.14.36221.1
MinimumVisualStudioVersion = 10.0.40219.1
Project("{FAE04EC0-301F-11D3-BF4B-00C04F79EFBC}") = "XafProduction.Module", "XafProduction.Module\XafProduction.Module.csproj", "{E88251BE-8F47-8C43-8FD2-1B2E38C086C7}"
EndProject
Project("{FAE04EC0-301F-11D3-BF4B-00C04F79EFBC}") = "XafProduction.Win", "XafProduction.Win\XafProduction.Win.csproj", "{8C8BBA0B-F978-046D-3CC4-55EFA377BDC5}"
EndProject
Project("{FAE04EC0-301F-11D3-BF4B-00C04F79EFBC}") = "XafProduction.Blazor.Server", "XafProduction.Blazor.Server\XafProduction.Blazor.Server.csproj", "{D175A972-12CA-A2A5-FAE2-A936FC229D23}"
EndProject
Global
	GlobalSection(SolutionConfigurationPlatforms) = preSolution
		Debug|Any CPU = Debug|Any CPU
		EasyTest|Any CPU = EasyTest|Any CPU
		Release|Any CPU = Release|Any CPU
	EndGlobalSection
	GlobalSection(ProjectConfigurationPlatforms) = postSolution
		{E88251BE-8F47-8C43-8FD2-1B2E38C086C7}.Debug|Any CPU.ActiveCfg = Debug|Any CPU
		{E88251BE-8F47-8C43-8FD2-1B2E38C086C7}.Debug|Any CPU.Build.0 = Debug|Any CPU
		{E88251BE-8F47-8C43-8FD2-1B2E38C086C7}.EasyTest|Any CPU.ActiveCfg = EasyTest|Any CPU
		{E88251BE-8F47-8C43-8FD2-1B2E38C086C7}.EasyTest|Any CPU.Build.0 = EasyTest|Any CPU
		{E88251BE-8F47-8C43-8FD2-1B2E38C086C7}.Release|Any CPU.ActiveCfg = Release|Any CPU
		{E88251BE-8F47-8C43-8FD2-1B2E38C086C7}.Release|Any CPU.Build.0 = Release|Any CPU
		{8C8BBA0B-F978-046D-3CC4-55EFA377BDC5}.Debug|Any CPU.ActiveCfg = Debug|Any CPU
		{8C8BBA0B-F978-046D-3CC4-55EFA377BDC5}.Debug|Any CPU.Build.0 = Debug|Any CPU
		{8C8BBA0B-F978-046D-3CC4-55EFA377BDC5}.EasyTest|Any CPU.ActiveCfg = EasyTest|Any CPU
		{8C8BBA0B-F978-046D-3CC4-55EFA377BDC5}.EasyTest|Any CPU.Build.0 = EasyTest|Any CPU
		{8C8BBA0B-F978-046D-3CC4-55EFA377BDC5}.Release|Any CPU.ActiveCfg = Release|Any CPU
		{8C8BBA0B-F978-046D-3CC4-55EFA377BDC5}.Release|Any CPU.Build.0 = Release|Any CPU
		{D175A972-12CA-A2A5-FAE2-A936FC229D23}.Debug|Any CPU.ActiveCfg = Debug|Any CPU
		{D175A972-12CA-A2A5-FAE2-A936FC229D23}.Debug|Any CPU.Build.0 = Debug|Any CPU
		{D175A972-12CA-A2A5-FAE2-A936FC229D23}.EasyTest|Any CPU.ActiveCfg = EasyTest|Any CPU
		{D175A972-12CA-A2A5-FAE2-A936FC229D23}.EasyTest|Any CPU.Build.0 = EasyTest|Any CPU
		{D175A972-12CA-A2A5-FAE2-A936FC229D23}.Release|Any CPU.ActiveCfg = Release|Any CPU
		{D175A972-12CA-A2A5-FAE2-A936FC229D23}.Release|Any CPU.Build.0 = Release|Any CPU
	EndGlobalSection
	GlobalSection(SolutionProperties) = preSolution
		HideSolutionNode = FALSE
	EndGlobalSection
	GlobalSection(ExtensibilityGlobals) = postSolution
		SolutionGuid = {97215DB9-EBF5-47B5-907D-57FC70E5BB40}
	EndGlobalSection
EndGlobal
